
Microsoft Visual Studio Solution File, Format Version 12.00
# Visual Studio Version 17
VisualStudioVersion = 17.5.002.0
MinimumVisualStudioVersion = 10.0.40219.1
Project("{9A19103F-16F7-4668-BE54-9A1E7A4F7556}") = "LoadBalancer", "LoadBalancer\LoadBalancer.csproj", "{EC9BFFE5-129A-4661-B11C-15DCDB86E8DF}"
EndProject
Global
	GlobalSection(SolutionConfigurationPlatforms) = preSolution
		Debug|Any CPU = Debug|Any CPU
		Release|Any CPU = Release|Any CPU
	EndGlobalSection
	GlobalSection(ProjectConfigurationPlatforms) = postSolution
		{EC9BFFE5-129A-4661-B11C-15DCDB86E8DF}.Debug|Any CPU.ActiveCfg = Debug|Any CPU
		{EC9BFFE5-129A-4661-B11C-15DCDB86E8DF}.Debug|Any CPU.Build.0 = Debug|Any CPU
		{EC9BFFE5-129A-4661-B11C-15DCDB86E8DF}.Release|Any CPU.ActiveCfg = Release|Any CPU
		{EC9BFFE5-129A-4661-B11C-15DCDB86E8DF}.Release|Any CPU.Build.0 = Release|Any CPU
	EndGlobalSection
	GlobalSection(SolutionProperties) = preSolution
		HideSolutionNode = FALSE
	EndGlobalSection
	GlobalSection(ExtensibilityGlobals) = postSolution
		SolutionGuid = {8FC166C9-088C-4777-89A0-AD8FF09A65B1}
	EndGlobalSection
EndGlobal
